
Microsoft Visual Studio Solution File, Format Version 12.00
# Visual Studio Version 16
VisualStudioVersion = 16.0.30225.117
MinimumVisualStudioVersion = 10.0.40219.1
Project("{FAE04EC0-301F-11D3-BF4B-00C04F79EFBC}") = "PolitieIntakeOpdracht", "PolitieIntakeOpdracht\PolitieIntakeOpdracht.csproj", "{A27A595A-64FA-42EB-AF0E-7917E2DF9503}"
EndProject
Global
	GlobalSection(SolutionConfigurationPlatforms) = preSolution
		Debug|Any CPU = Debug|Any CPU
		Release|Any CPU = Release|Any CPU
	EndGlobalSection
	GlobalSection(ProjectConfigurationPlatforms) = postSolution
		{A27A595A-64FA-42EB-AF0E-7917E2DF9503}.Debug|Any CPU.ActiveCfg = Debug|Any CPU
		{A27A595A-64FA-42EB-AF0E-7917E2DF9503}.Debug|Any CPU.Build.0 = Debug|Any CPU
		{A27A595A-64FA-42EB-AF0E-7917E2DF9503}.Release|Any CPU.ActiveCfg = Release|Any CPU
		{A27A595A-64FA-42EB-AF0E-7917E2DF9503}.Release|Any CPU.Build.0 = Release|Any CPU
	EndGlobalSection
	GlobalSection(SolutionProperties) = preSolution
		HideSolutionNode = FALSE
	EndGlobalSection
	GlobalSection(ExtensibilityGlobals) = postSolution
		SolutionGuid = {30D6BC45-1436-4196-B51B-C5C766F1ED31}
	EndGlobalSection
EndGlobal
